// !$*UTF8*$!
{
	archiveVersion = 1;
	classes = {
	};
	objectVersion = 46;
	objects = {

/* Begin PBXBuildFile section */
		5ADBAA261E134FAD006F170C /* AppDelegate.swift in Sources */ = {isa = PBXBuildFile; fileRef = 5ADBAA251E134FAD006F170C /* AppDelegate.swift */; };
		5ADBAA281E134FAD006F170C /* ViewController.swift in Sources */ = {isa = PBXBuildFile; fileRef = 5ADBAA271E134FAD006F170C /* ViewController.swift */; };
		5ADBAA2B1E134FAD006F170C /* Main.storyboard in Resources */ = {isa = PBXBuildFile; fileRef = 5ADBAA291E134FAD006F170C /* Main.storyboard */; };
		5ADBAA2D1E134FAD006F170C /* Assets.xcassets in Resources */ = {isa = PBXBuildFile; fileRef = 5ADBAA2C1E134FAD006F170C /* Assets.xcassets */; };
		5ADBAA301E134FAD006F170C /* LaunchScreen.storyboard in Resources */ = {isa = PBXBuildFile; fileRef = 5ADBAA2E1E134FAD006F170C /* LaunchScreen.storyboard */; };
		5ADBAA3B1E134FAD006F170C /* FoodTrackerTests.swift in Sources */ = {isa = PBXBuildFile; fileRef = 5ADBAA3A1E134FAD006F170C /* FoodTrackerTests.swift */; };
/* End PBXBuildFile section */

/* Begin PBXContainerItemProxy section */
		5ADBAA371E134FAD006F170C /* PBXContainerItemProxy */ = {
			isa = PBXContainerItemProxy;
			containerPortal = 5ADBAA1A1E134FAD006F170C /* Project object */;
			proxyType = 1;
			remoteGlobalIDString = 5ADBAA211E134FAD006F170C;
			remoteInfo = FoodTracker;
		};
/* End PBXContainerItemProxy section */

/* Begin PBXFileReference section */
		5ADBAA221E134FAD006F170C /* FoodTracker.app */ = {isa = PBXFileReference; explicitFileType = wrapper.application; includeInIndex = 0; path = FoodTracker.app; sourceTree = BUILT_PRODUCTS_DIR; };
		5ADBAA251E134FAD006F170C /* AppDelegate.swift */ = {isa = PBXFileReference; lastKnownFileType = sourcecode.swift; path = AppDelegate.swift; sourceTree = "<group>"; };
		5ADBAA271E134FAD006F170C /* ViewController.swift */ = {isa = PBXFileReference; lastKnownFileType = sourcecode.swift; path = ViewController.swift; sourceTree = "<group>"; };
		5ADBAA2A1E134FAD006F170C /* Base */ = {isa = PBXFileReference; lastKnownFileType = file.storyboard; name = Base; path = Base.lproj/Main.storyboard; sourceTree = "<group>"; };
		5ADBAA2C1E134FAD006F170C /* Assets.xcassets */ = {isa = PBXFileReference; lastKnownFileType = folder.assetcatalog; path = Assets.xcassets; sourceTree = "<group>"; };
		5ADBAA2F1E134FAD006F170C /* Base */ = {isa = PBXFileReference; lastKnownFileType = file.storyboard; name = Base; path = Base.lproj/LaunchScreen.storyboard; sourceTree = "<group>"; };
		5ADBAA311E134FAD006F170C /* Info.plist */ = {isa = PBXFileReference; lastKnownFileType = text.plist.xml; path = Info.plist; sourceTree = "<group>"; };
		5ADBAA361E134FAD006F170C /* FoodTrackerTests.xctest */ = {isa = PBXFileReference; explicitFileType = wrapper.cfbundle; includeInIndex = 0; path = FoodTrackerTests.xctest; sourceTree = BUILT_PRODUCTS_DIR; };
		5ADBAA3A1E134FAD006F170C /* FoodTrackerTests.swift */ = {isa = PBXFileReference; lastKnownFileType = sourcecode.swift; path = FoodTrackerTests.swift; sourceTree = "<group>"; };
		5ADBAA3C1E134FAD006F170C /* Info.plist */ = {isa = PBXFileReference; lastKnownFileType = text.plist.xml; path = Info.plist; sourceTree = "<group>"; };
/* End PBXFileReference section */

/* Begin PBXFrameworksBuildPhase section */
		5ADBAA1F1E134FAD006F170C /* Frameworks */ = {
			isa = PBXFrameworksBuildPhase;
			buildActionMask = 2147483647;
			files = (
			);
			runOnlyForDeploymentPostprocessing = 0;
		};
		5ADBAA331E134FAD006F170C /* Frameworks */ = {
			isa = PBXFrameworksBuildPhase;
			buildActionMask = 2147483647;
			files = (
			);
			runOnlyForDeploymentPostprocessing = 0;
		};
/* End PBXFrameworksBuildPhase section */

/* Begin PBXGroup section */
		5ADBAA191E134FAD006F170C = {
			isa = PBXGroup;
			children = (
				5ADBAA241E134FAD006F170C /* FoodTracker */,
				5ADBAA391E134FAD006F170C /* FoodTrackerTests */,
				5ADBAA231E134FAD006F170C /* Products */,
			);
			sourceTree = "<group>";
		};
		5ADBAA231E134FAD006F170C /* Products */ = {
			isa = PBXGroup;
			children = (
				5ADBAA221E134FAD006F170C /* FoodTracker.app */,
				5ADBAA361E134FAD006F170C /* FoodTrackerTests.xctest */,
			);
			name = Products;
			sourceTree = "<group>";
		};
		5ADBAA241E134FAD006F170C /* FoodTracker */ = {
			isa = PBXGroup;
			children = (
				5ADBAA251E134FAD006F170C /* AppDelegate.swift */,
				5ADBAA271E134FAD006F170C /* ViewController.swift */,
				5ADBAA291E134FAD006F170C /* Main.storyboard */,
				5ADBAA2C1E134FAD006F170C /* Assets.xcassets */,
				5ADBAA2E1E134FAD006F170C /* LaunchScreen.storyboard */,
				5ADBAA311E134FAD006F170C /* Info.plist */,
			);
			path = FoodTracker;
			sourceTree = "<group>";
		};
		5ADBAA391E134FAD006F170C /* FoodTrackerTests */ = {
			isa = PBXGroup;
			children = (
				5ADBAA3A1E134FAD006F170C /* FoodTrackerTests.swift */,
				5ADBAA3C1E134FAD006F170C /* Info.plist */,
			);
			path = FoodTrackerTests;
			sourceTree = "<group>";
		};
/* End PBXGroup section */

/* Begin PBXNativeTarget section */
		5ADBAA211E134FAD006F170C /* FoodTracker */ = {
			isa = PBXNativeTarget;
			buildConfigurationList = 5ADBAA3F1E134FAD006F170C /* Build configuration list for PBXNativeTarget "FoodTracker" */;
			buildPhases = (
				5ADBAA1E1E134FAD006F170C /* Sources */,
				5ADBAA1F1E134FAD006F170C /* Frameworks */,
				5ADBAA201E134FAD006F170C /* Resources */,
			);
			buildRules = (
			);
			dependencies = (
			);
			name = FoodTracker;
			productName = FoodTracker;
			productReference = 5ADBAA221E134FAD006F170C /* FoodTracker.app */;
			productType = "com.apple.product-type.application";
		};
		5ADBAA351E134FAD006F170C /* FoodTrackerTests */ = {
			isa = PBXNativeTarget;
			buildConfigurationList = 5ADBAA421E134FAD006F170C /* Build configuration list for PBXNativeTarget "FoodTrackerTests" */;
			buildPhases = (
				5ADBAA321E134FAD006F170C /* Sources */,
				5ADBAA331E134FAD006F170C /* Frameworks */,
				5ADBAA341E134FAD006F170C /* Resources */,
			);
			buildRules = (
			);
			dependencies = (
				5ADBAA381E134FAD006F170C /* PBXTargetDependency */,
			);
			name = FoodTrackerTests;
			productName = FoodTrackerTests;
			productReference = 5ADBAA361E134FAD006F170C /* FoodTrackerTests.xctest */;
			productType = "com.apple.product-type.bundle.unit-test";
		};
/* End PBXNativeTarget section */

/* Begin PBXProject section */
		5ADBAA1A1E134FAD006F170C /* Project object */ = {
			isa = PBXProject;
			attributes = {
				LastSwiftUpdateCheck = 0820;
				LastUpgradeCheck = 0820;
				ORGANIZATIONNAME = Leapin;
				TargetAttributes = {
					5ADBAA211E134FAD006F170C = {
						CreatedOnToolsVersion = 8.2.1;
						ProvisioningStyle = Automatic;
					};
					5ADBAA351E134FAD006F170C = {
						CreatedOnToolsVersion = 8.2.1;
						ProvisioningStyle = Automatic;
						TestTargetID = 5ADBAA211E134FAD006F170C;
					};
				};
			};
			buildConfigurationList = 5ADBAA1D1E134FAD006F170C /* Build configuration list for PBXProject "FoodTracker" */;
			compatibilityVersion = "Xcode 3.2";
			developmentRegion = English;
			hasScannedForEncodings = 0;
			knownRegions = (
				en,
				Base,
			);
			mainGroup = 5ADBAA191E134FAD006F170C;
			productRefGroup = 5ADBAA231E134FAD006F170C /* Products */;
			projectDirPath = "";
			projectRoot = "";
			targets = (
				5ADBAA211E134FAD006F170C /* FoodTracker */,
				5ADBAA351E134FAD006F170C /* FoodTrackerTests */,
			);
		};
/* End PBXProject section */

/* Begin PBXResourcesBuildPhase section */
		5ADBAA201E134FAD006F170C /* Resources */ = {
			isa = PBXResourcesBuildPhase;
			buildActionMask = 2147483647;
			files = (
				5ADBAA301E134FAD006F170C /* LaunchScreen.storyboard in Resources */,
				5ADBAA2D1E134FAD006F170C /* Assets.xcassets in Resources */,
				5ADBAA2B1E134FAD006F170C /* Main.storyboard in Resources */,
			);
			runOnlyForDeploymentPostprocessing = 0;
		};
		5ADBAA341E134FAD006F170C /* Resources */ = {
			isa = PBXResourcesBuildPhase;
			buildActionMask = 2147483647;
			files = (
			);
			runOnlyForDeploymentPostprocessing = 0;
		};
/* End PBXResourcesBuildPhase section */

/* Begin PBXSourcesBuildPhase section */
		5ADBAA1E1E134FAD006F170C /* Sources */ = {
			isa = PBXSourcesBuildPhase;
			buildActionMask = 2147483647;
			files = (
				5ADBAA281E134FAD006F170C /* ViewController.swift in Sources */,
				5ADBAA261E134FAD006F170C /* AppDelegate.swift in Sources */,
			);
			runOnlyForDeploymentPostprocessing = 0;
		};
		5ADBAA321E134FAD006F170C /* Sources */ = {
			isa = PBXSourcesBuildPhase;
			buildActionMask = 2147483647;
			files = (
				5ADBAA3B1E134FAD006F170C /* FoodTrackerTests.swift in Sources */,
			);
			runOnlyForDeploymentPostprocessing = 0;
		};
/* End PBXSourcesBuildPhase section */

/* Begin PBXTargetDependency section */
		5ADBAA381E134FAD006F170C /* PBXTargetDependency */ = {
			isa = PBXTargetDependency;
			target = 5ADBAA211E134FAD006F170C /* FoodTracker */;
			targetProxy = 5ADBAA371E134FAD006F170C /* PBXContainerItemProxy */;
		};
/* End PBXTargetDependency section */

/* Begin PBXVariantGroup section */
		5ADBAA291E134FAD006F170C /* Main.storyboard */ = {
			isa = PBXVariantGroup;
			children = (
				5ADBAA2A1E134FAD006F170C /* Base */,
			);
			name = Main.storyboard;
			sourceTree = "<group>";
		};
		5ADBAA2E1E134FAD006F170C /* LaunchScreen.storyboard */ = {
			isa = PBXVariantGroup;
			children = (
				5ADBAA2F1E134FAD006F170C /* Base */,
			);
			name = LaunchScreen.storyboard;
			sourceTree = "<group>";
		};
/* End PBXVariantGroup section */

/* Begin XCBuildConfiguration section */
		5ADBAA3D1E134FAD006F170C /* Debug */ = {
			isa = XCBuildConfiguration;
			buildSettings = {
				ALWAYS_SEARCH_USER_PATHS = NO;
				CLANG_ANALYZER_NONNULL = YES;
				CLANG_CXX_LANGUAGE_STANDARD = "gnu++0x";
				CLANG_CXX_LIBRARY = "libc++";
				CLANG_ENABLE_MODULES = YES;
				CLANG_ENABLE_OBJC_ARC = YES;
				CLANG_WARN_BOOL_CONVERSION = YES;
				CLANG_WARN_CONSTANT_CONVERSION = YES;
				CLANG_WARN_DIRECT_OBJC_ISA_USAGE = YES_ERROR;
				CLANG_WARN_DOCUMENTATION_COMMENTS = YES;
				CLANG_WARN_EMPTY_BODY = YES;
				CLANG_WARN_ENUM_CONVERSION = YES;
				CLANG_WARN_INFINITE_RECURSION = YES;
				CLANG_WARN_INT_CONVERSION = YES;
				CLANG_WARN_OBJC_ROOT_CLASS = YES_ERROR;
				CLANG_WARN_SUSPICIOUS_MOVE = YES;
				CLANG_WARN_UNREACHABLE_CODE = YES;
				CLANG_WARN__DUPLICATE_METHOD_MATCH = YES;
				"CODE_SIGN_IDENTITY[sdk=iphoneos*]" = "iPhone Developer";
				COPY_PHASE_STRIP = NO;
				DEBUG_INFORMATION_FORMAT = dwarf;
				ENABLE_STRICT_OBJC_MSGSEND = YES;
				ENABLE_TESTABILITY = YES;
				GCC_C_LANGUAGE_STANDARD = gnu99;
				GCC_DYNAMIC_NO_PIC = NO;
				GCC_NO_COMMON_BLOCKS = YES;
				GCC_OPTIMIZATION_LEVEL = 0;
				GCC_PREPROCESSOR_DEFINITIONS = (
					"DEBUG=1",
					"$(inherited)",
				);
				GCC_WARN_64_TO_32_BIT_CONVERSION = YES;
				GCC_WARN_ABOUT_RETURN_TYPE = YES_ERROR;
				GCC_WARN_UNDECLARED_SELECTOR = YES;
				GCC_WARN_UNINITIALIZED_AUTOS = YES_AGGRESSIVE;
				GCC_WARN_UNUSED_FUNCTION = YES;
				GCC_WARN_UNUSED_VARIABLE = YES;
				IPHONEOS_DEPLOYMENT_TARGET = 10.2;
				MTL_ENABLE_DEBUG_INFO = YES;
				ONLY_ACTIVE_ARCH = YES;
				SDKROOT = iphoneos;
				SWIFT_ACTIVE_COMPILATION_CONDITIONS = DEBUG;
				SWIFT_OPTIMIZATION_LEVEL = "-Onone";
				TARGETED_DEVICE_FAMILY = "1,2";
			};
			name = Debug;
		};
		5ADBAA3E1E134FAD006F170C /* Release */ = {
			isa = XCBuildConfiguration;
			buildSettings = {
				ALWAYS_SEARCH_USER_PATHS = NO;
				CLANG_ANALYZER_NONNULL = YES;
				CLANG_CXX_LANGUAGE_STANDARD = "gnu++0x";
				CLANG_CXX_LIBRARY = "libc++";
				CLANG_ENABLE_MODULES = YES;
				CLANG_ENABLE_OBJC_ARC = YES;
				CLANG_WARN_BOOL_CONVERSION = YES;
				CLANG_WARN_CONSTANT_CONVERSION = YES;
				CLANG_WARN_DIRECT_OBJC_ISA_USAGE = YES_ERROR;
				CLANG_WARN_DOCUMENTATION_COMMENTS = YES;
				CLANG_WARN_EMPTY_BODY = YES;
				CLANG_WARN_ENUM_CONVERSION = YES;
				CLANG_WARN_INFINITE_RECURSION = YES;
				CLANG_WARN_INT_CONVERSION = YES;
				CLANG_WARN_OBJC_ROOT_CLASS = YES_ERROR;
				CLANG_WARN_SUSPICIOUS_MOVE = YES;
				CLANG_WARN_UNREACHABLE_CODE = YES;
				CLANG_WARN__DUPLICATE_METHOD_MATCH = YES;
				"CODE_SIGN_IDENTITY[sdk=iphoneos*]" = "iPhone Developer";
				COPY_PHASE_STRIP = NO;
				DEBUG_INFORMATION_FORMAT = "dwarf-with-dsym";
				ENABLE_NS_ASSERTIONS = NO;
				ENABLE_STRICT_OBJC_MSGSEND = YES;
				GCC_C_LANGUAGE_STANDARD = gnu99;
				GCC_NO_COMMON_BLOCKS = YES;
				GCC_WARN_64_TO_32_BIT_CONVERSION = YES;
				GCC_WARN_ABOUT_RETURN_TYPE = YES_ERROR;
				GCC_WARN_UNDECLARED_SELECTOR = YES;
				GCC_WARN_UNINITIALIZED_AUTOS = YES_AGGRESSIVE;
				GCC_WARN_UNUSED_FUNCTION = YES;
				GCC_WARN_UNUSED_VARIABLE = YES;
				IPHONEOS_DEPLOYMENT_TARGET = 10.2;
				MTL_ENABLE_DEBUG_INFO = NO;
				SDKROOT = iphoneos;
				SWIFT_OPTIMIZATION_LEVEL = "-Owholemodule";
				TARGETED_DEVICE_FAMILY = "1,2";
				VALIDATE_PRODUCT = YES;
			};
			name = Release;
		};
		5ADBAA401E134FAD006F170C /* Debug */ = {
			isa = XCBuildConfiguration;
			buildSettings = {
				ASSETCATALOG_COMPILER_APPICON_NAME = AppIcon;
				INFOPLIST_FILE = FoodTracker/Info.plist;
				LD_RUNPATH_SEARCH_PATHS = "$(inherited) @executable_path/Frameworks";
				PRODUCT_BUNDLE_IDENTIFIER = Leapin.FoodTracker;
				PRODUCT_NAME = "$(TARGET_NAME)";
				SWIFT_VERSION = 3.0;
			};
			name = Debug;
		};
		5ADBAA411E134FAD006F170C /* Release */ = {
			isa = XCBuildConfiguration;
			buildSettings = {
				ASSETCATALOG_COMPILER_APPICON_NAME = AppIcon;
				INFOPLIST_FILE = FoodTracker/Info.plist;
				LD_RUNPATH_SEARCH_PATHS = "$(inherited) @executable_path/Frameworks";
				PRODUCT_BUNDLE_IDENTIFIER = Leapin.FoodTracker;
				PRODUCT_NAME = "$(TARGET_NAME)";
				SWIFT_VERSION = 3.0;
			};
			name = Release;
		};
		5ADBAA431E134FAD006F170C /* Debug */ = {
			isa = XCBuildConfiguration;
			buildSettings = {
				ALWAYS_EMBED_SWIFT_STANDARD_LIBRARIES = YES;
				BUNDLE_LOADER = "$(TEST_HOST)";
				INFOPLIST_FILE = FoodTrackerTests/Info.plist;
				LD_RUNPATH_SEARCH_PATHS = "$(inherited) @executable_path/Frameworks @loader_path/Frameworks";
				PRODUCT_BUNDLE_IDENTIFIER = Leapin.FoodTrackerTests;
				PRODUCT_NAME = "$(TARGET_NAME)";
				SWIFT_VERSION = 3.0;
				TEST_HOST = "$(BUILT_PRODUCTS_DIR)/FoodTracker.app/FoodTracker";
			};
			name = Debug;
		};
		5ADBAA441E134FAD006F170C /* Release */ = {
			isa = XCBuildConfiguration;
			buildSettings = {
				ALWAYS_EMBED_SWIFT_STANDARD_LIBRARIES = YES;
				BUNDLE_LOADER = "$(TEST_HOST)";
				INFOPLIST_FILE = FoodTrackerTests/Info.plist;
				LD_RUNPATH_SEARCH_PATHS = "$(inherited) @executable_path/Frameworks @loader_path/Frameworks";
				PRODUCT_BUNDLE_IDENTIFIER = Leapin.FoodTrackerTests;
				PRODUCT_NAME = "$(TARGET_NAME)";
				SWIFT_VERSION = 3.0;
				TEST_HOST = "$(BUILT_PRODUCTS_DIR)/FoodTracker.app/FoodTracker";
			};
			name = Release;
		};
/* End XCBuildConfiguration section */

/* Begin XCConfigurationList section */
		5ADBAA1D1E134FAD006F170C /* Build configuration list for PBXProject "FoodTracker" */ = {
			isa = XCConfigurationList;
			buildConfigurations = (
				5ADBAA3D1E134FAD006F170C /* Debug */,
				5ADBAA3E1E134FAD006F170C /* Release */,
			);
			defaultConfigurationIsVisible = 0;
			defaultConfigurationName = Release;
		};
		5ADBAA3F1E134FAD006F170C /* Build configuration list for PBXNativeTarget "FoodTracker" */ = {
			isa = XCConfigurationList;
			buildConfigurations = (
				5ADBAA401E134FAD006F170C /* Debug */,
				5ADBAA411E134FAD006F170C /* Release */,
			);
			defaultConfigurationIsVisible = 0;
		};
		5ADBAA421E134FAD006F170C /* Build configuration list for PBXNativeTarget "FoodTrackerTests" */ = {
			isa = XCConfigurationList;
			buildConfigurations = (
				5ADBAA431E134FAD006F170C /* Debug */,
				5ADBAA441E134FAD006F170C /* Release */,
			);
			defaultConfigurationIsVisible = 0;
		};
/* End XCConfigurationList section */
	};
	rootObject = 5ADBAA1A1E134FAD006F170C /* Project object */;
}
